
Microsoft Visual Studio Solution File, Format Version 12.00
# Visual Studio Version 16
VisualStudioVersion = 16.0.32630.194
MinimumVisualStudioVersion = 10.0.40219.1
Project("{8BC9CEB8-8B4A-11D0-8D11-00A0C91BC942}") = "GlacierV2", "GlacierV2.vcxproj", "{6641254A-35E0-4559-901C-A07601C326D6}"
EndProject
Global
	GlobalSection(SolutionConfigurationPlatforms) = preSolution
		Debug|x64 = Debug|x64
		Debug|x86 = Debug|x86
		Release|x64 = Release|x64
		Release|x86 = Release|x86
	EndGlobalSection
	GlobalSection(ProjectConfigurationPlatforms) = postSolution
		{6641254A-35E0-4559-901C-A07601C326D6}.Debug|x64.ActiveCfg = Debug|x64
		{6641254A-35E0-4559-901C-A07601C326D6}.Debug|x64.Build.0 = Debug|x64
		{6641254A-35E0-4559-901C-A07601C326D6}.Debug|x86.ActiveCfg = Debug|Win32
		{6641254A-35E0-4559-901C-A07601C326D6}.Debug|x86.Build.0 = Debug|Win32
		{6641254A-35E0-4559-901C-A07601C326D6}.Release|x64.ActiveCfg = Release|x64
		{6641254A-35E0-4559-901C-A07601C326D6}.Release|x64.Build.0 = Release|x64
		{6641254A-35E0-4559-901C-A07601C326D6}.Release|x86.ActiveCfg = Release|Win32
		{6641254A-35E0-4559-901C-A07601C326D6}.Release|x86.Build.0 = Release|Win32
	EndGlobalSection
	GlobalSection(SolutionProperties) = preSolution
		HideSolutionNode = FALSE
	EndGlobalSection
	GlobalSection(ExtensibilityGlobals) = postSolution
		SolutionGuid = {C7A5B526-FF71-43FD-AD83-11F13170D717}
	EndGlobalSection
EndGlobal
