
Microsoft Visual Studio Solution File, Format Version 12.00
# Visual Studio Version 17
VisualStudioVersion = 17.5.33516.290
MinimumVisualStudioVersion = 10.0.40219.1
Project("{8BC9CEB8-8B4A-11D0-8D11-00A0C91BC942}") = "Sandbox", "Sandbox\Sandbox.vcxproj", "{E14CDB6B-A8C4-4BE4-982C-DD62578DD45E}"
	ProjectSection(ProjectDependencies) = postProject
		{6641254A-35E0-4559-901C-A07601C326D6} = {6641254A-35E0-4559-901C-A07601C326D6}
	EndProjectSection
EndProject
Project("{8BC9CEB8-8B4A-11D0-8D11-00A0C91BC942}") = "BulletCollision", "external\bullet3-3.24\src\BulletCollision\BulletCollision.vcxproj", "{006D3D96-0D66-3A14-A83C-09DDF42DF44F}"
EndProject
Project("{8BC9CEB8-8B4A-11D0-8D11-00A0C91BC942}") = "BulletDynamics", "external\bullet3-3.24\src\BulletDynamics\BulletDynamics.vcxproj", "{F0D42053-5616-309D-90DE-4E842E1E6355}"
EndProject
Project("{8BC9CEB8-8B4A-11D0-8D11-00A0C91BC942}") = "BulletLinearMath", "external\bullet3-3.24\src\LinearMath\LinearMath.vcxproj", "{F9B7A0E3-5A7D-3546-B655-597F29AD2113}"
EndProject
Project("{8BC9CEB8-8B4A-11D0-8D11-00A0C91BC942}") = "GlacierV2", "GlacierV2.vcxproj", "{6641254A-35E0-4559-901C-A07601C326D6}"
	ProjectSection(ProjectDependencies) = postProject
		{F0D42053-5616-309D-90DE-4E842E1E6355} = {F0D42053-5616-309D-90DE-4E842E1E6355}
		{006D3D96-0D66-3A14-A83C-09DDF42DF44F} = {006D3D96-0D66-3A14-A83C-09DDF42DF44F}
		{F9B7A0E3-5A7D-3546-B655-597F29AD2113} = {F9B7A0E3-5A7D-3546-B655-597F29AD2113}
	EndProjectSection
EndProject
Project("{2150E333-8FDC-42A3-9474-1A3956D46DE8}") = "Dependencies", "Dependencies", "{3F471016-55FD-4F9E-823C-1F69EC5351EA}"
EndProject
Project("{2150E333-8FDC-42A3-9474-1A3956D46DE8}") = "Bullet", "Bullet", "{632E2752-BA90-44A6-9720-90AA123A6AB4}"
EndProject
Global
	GlobalSection(SolutionConfigurationPlatforms) = preSolution
		Build_DX|x64 = Build_DX|x64
		Build_GL|x64 = Build_GL|x64
		Debug_DX|x64 = Debug_DX|x64
		Debug_GL|x64 = Debug_GL|x64
		Release_DX|x64 = Release_DX|x64
		Release_GL|x64 = Release_GL|x64
	EndGlobalSection
	GlobalSection(ProjectConfigurationPlatforms) = postSolution
		{E14CDB6B-A8C4-4BE4-982C-DD62578DD45E}.Build_DX|x64.ActiveCfg = Build_DX|x64
		{E14CDB6B-A8C4-4BE4-982C-DD62578DD45E}.Build_DX|x64.Build.0 = Build_DX|x64
		{E14CDB6B-A8C4-4BE4-982C-DD62578DD45E}.Build_GL|x64.ActiveCfg = Build_GL|x64
		{E14CDB6B-A8C4-4BE4-982C-DD62578DD45E}.Build_GL|x64.Build.0 = Build_GL|x64
		{E14CDB6B-A8C4-4BE4-982C-DD62578DD45E}.Debug_DX|x64.ActiveCfg = Debug_DX|x64
		{E14CDB6B-A8C4-4BE4-982C-DD62578DD45E}.Debug_DX|x64.Build.0 = Debug_DX|x64
		{E14CDB6B-A8C4-4BE4-982C-DD62578DD45E}.Debug_GL|x64.ActiveCfg = Debug|x64
		{E14CDB6B-A8C4-4BE4-982C-DD62578DD45E}.Debug_GL|x64.Build.0 = Debug|x64
		{E14CDB6B-A8C4-4BE4-982C-DD62578DD45E}.Release_DX|x64.ActiveCfg = Release_DX|x64
		{E14CDB6B-A8C4-4BE4-982C-DD62578DD45E}.Release_DX|x64.Build.0 = Release_DX|x64
		{E14CDB6B-A8C4-4BE4-982C-DD62578DD45E}.Release_GL|x64.ActiveCfg = Release|x64
		{E14CDB6B-A8C4-4BE4-982C-DD62578DD45E}.Release_GL|x64.Build.0 = Release|x64
		{006D3D96-0D66-3A14-A83C-09DDF42DF44F}.Build_DX|x64.ActiveCfg = Release|x64
		{006D3D96-0D66-3A14-A83C-09DDF42DF44F}.Build_DX|x64.Build.0 = Release|x64
		{006D3D96-0D66-3A14-A83C-09DDF42DF44F}.Build_GL|x64.ActiveCfg = Release|x64
		{006D3D96-0D66-3A14-A83C-09DDF42DF44F}.Build_GL|x64.Build.0 = Release|x64
		{006D3D96-0D66-3A14-A83C-09DDF42DF44F}.Debug_DX|x64.ActiveCfg = Debug|x64
		{006D3D96-0D66-3A14-A83C-09DDF42DF44F}.Debug_DX|x64.Build.0 = Debug|x64
		{006D3D96-0D66-3A14-A83C-09DDF42DF44F}.Debug_GL|x64.ActiveCfg = Debug|x64
		{006D3D96-0D66-3A14-A83C-09DDF42DF44F}.Debug_GL|x64.Build.0 = Debug|x64
		{006D3D96-0D66-3A14-A83C-09DDF42DF44F}.Release_DX|x64.ActiveCfg = Release|x64
		{006D3D96-0D66-3A14-A83C-09DDF42DF44F}.Release_DX|x64.Build.0 = Release|x64
		{006D3D96-0D66-3A14-A83C-09DDF42DF44F}.Release_GL|x64.ActiveCfg = Release|x64
		{006D3D96-0D66-3A14-A83C-09DDF42DF44F}.Release_GL|x64.Build.0 = Release|x64
		{F0D42053-5616-309D-90DE-4E842E1E6355}.Build_DX|x64.ActiveCfg = Release|x64
		{F0D42053-5616-309D-90DE-4E842E1E6355}.Build_DX|x64.Build.0 = Release|x64
		{F0D42053-5616-309D-90DE-4E842E1E6355}.Build_GL|x64.ActiveCfg = Release|x64
		{F0D42053-5616-309D-90DE-4E842E1E6355}.Build_GL|x64.Build.0 = Release|x64
		{F0D42053-5616-309D-90DE-4E842E1E6355}.Debug_DX|x64.ActiveCfg = Debug|x64
		{F0D42053-5616-309D-90DE-4E842E1E6355}.Debug_DX|x64.Build.0 = Debug|x64
		{F0D42053-5616-309D-90DE-4E842E1E6355}.Debug_GL|x64.ActiveCfg = Debug|x64
		{F0D42053-5616-309D-90DE-4E842E1E6355}.Debug_GL|x64.Build.0 = Debug|x64
		{F0D42053-5616-309D-90DE-4E842E1E6355}.Release_DX|x64.ActiveCfg = Release|x64
		{F0D42053-5616-309D-90DE-4E842E1E6355}.Release_DX|x64.Build.0 = Release|x64
		{F0D42053-5616-309D-90DE-4E842E1E6355}.Release_GL|x64.ActiveCfg = Release|x64
		{F0D42053-5616-309D-90DE-4E842E1E6355}.Release_GL|x64.Build.0 = Release|x64
		{F9B7A0E3-5A7D-3546-B655-597F29AD2113}.Build_DX|x64.ActiveCfg = Release|x64
		{F9B7A0E3-5A7D-3546-B655-597F29AD2113}.Build_DX|x64.Build.0 = Release|x64
		{F9B7A0E3-5A7D-3546-B655-597F29AD2113}.Build_GL|x64.ActiveCfg = Release|x64
		{F9B7A0E3-5A7D-3546-B655-597F29AD2113}.Build_GL|x64.Build.0 = Release|x64
		{F9B7A0E3-5A7D-3546-B655-597F29AD2113}.Debug_DX|x64.ActiveCfg = Debug|x64
		{F9B7A0E3-5A7D-3546-B655-597F29AD2113}.Debug_DX|x64.Build.0 = Debug|x64
		{F9B7A0E3-5A7D-3546-B655-597F29AD2113}.Debug_GL|x64.ActiveCfg = Debug|x64
		{F9B7A0E3-5A7D-3546-B655-597F29AD2113}.Debug_GL|x64.Build.0 = Debug|x64
		{F9B7A0E3-5A7D-3546-B655-597F29AD2113}.Release_DX|x64.ActiveCfg = Release|x64
		{F9B7A0E3-5A7D-3546-B655-597F29AD2113}.Release_DX|x64.Build.0 = Release|x64
		{F9B7A0E3-5A7D-3546-B655-597F29AD2113}.Release_GL|x64.ActiveCfg = Release|x64
		{F9B7A0E3-5A7D-3546-B655-597F29AD2113}.Release_GL|x64.Build.0 = Release|x64
		{6641254A-35E0-4559-901C-A07601C326D6}.Build_DX|x64.ActiveCfg = Release_DX|x64
		{6641254A-35E0-4559-901C-A07601C326D6}.Build_DX|x64.Build.0 = Release_DX|x64
		{6641254A-35E0-4559-901C-A07601C326D6}.Build_GL|x64.ActiveCfg = Release|x64
		{6641254A-35E0-4559-901C-A07601C326D6}.Build_GL|x64.Build.0 = Release|x64
		{6641254A-35E0-4559-901C-A07601C326D6}.Debug_DX|x64.ActiveCfg = Debug_DX|x64
		{6641254A-35E0-4559-901C-A07601C326D6}.Debug_DX|x64.Build.0 = Debug_DX|x64
		{6641254A-35E0-4559-901C-A07601C326D6}.Debug_GL|x64.ActiveCfg = Debug|x64
		{6641254A-35E0-4559-901C-A07601C326D6}.Debug_GL|x64.Build.0 = Debug|x64
		{6641254A-35E0-4559-901C-A07601C326D6}.Release_DX|x64.ActiveCfg = Release_DX|x64
		{6641254A-35E0-4559-901C-A07601C326D6}.Release_DX|x64.Build.0 = Release_DX|x64
		{6641254A-35E0-4559-901C-A07601C326D6}.Release_GL|x64.ActiveCfg = Release|x64
		{6641254A-35E0-4559-901C-A07601C326D6}.Release_GL|x64.Build.0 = Release|x64
	EndGlobalSection
	GlobalSection(SolutionProperties) = preSolution
		HideSolutionNode = FALSE
	EndGlobalSection
	GlobalSection(NestedProjects) = preSolution
		{006D3D96-0D66-3A14-A83C-09DDF42DF44F} = {632E2752-BA90-44A6-9720-90AA123A6AB4}
		{F0D42053-5616-309D-90DE-4E842E1E6355} = {632E2752-BA90-44A6-9720-90AA123A6AB4}
		{F9B7A0E3-5A7D-3546-B655-597F29AD2113} = {632E2752-BA90-44A6-9720-90AA123A6AB4}
		{632E2752-BA90-44A6-9720-90AA123A6AB4} = {3F471016-55FD-4F9E-823C-1F69EC5351EA}
	EndGlobalSection
	GlobalSection(ExtensibilityGlobals) = postSolution
		SolutionGuid = {C7A5B526-FF71-43FD-AD83-11F13170D717}
	EndGlobalSection
EndGlobal
